
Microsoft Visual Studio Solution File, Format Version 12.00
# Visual Studio Version 17
VisualStudioVersion = 17.14.36623.8 d17.14
MinimumVisualStudioVersion = 10.0.40219.1
Project("{8BC9CEB8-8B4A-11D0-8D11-00A0C91BC942}") = "FileCopy", "FileCopy\FileCopy.vcxproj", "{DDBBFFA7-853C-49DB-AB06-43B65B5DD073}"
EndProject
Project("{8BC9CEB8-8B4A-11D0-8D11-00A0C91BC942}") = "injector", "injector\injector.vcxproj", "{31D32BF9-1198-4B41-A2AC-B38EC6F4ED13}"
EndProject
Global
	GlobalSection(SolutionConfigurationPlatforms) = preSolution
		Debug|ARM64 = Debug|ARM64
		Debug|x64 = Debug|x64
		Debug|x86 = Debug|x86
		Release|ARM64 = Release|ARM64
		Release|x64 = Release|x64
		Release|x86 = Release|x86
	EndGlobalSection
	GlobalSection(ProjectConfigurationPlatforms) = postSolution
		{DDBBFFA7-853C-49DB-AB06-43B65B5DD073}.Debug|ARM64.ActiveCfg = Debug|ARM64
		{DDBBFFA7-853C-49DB-AB06-43B65B5DD073}.Debug|ARM64.Build.0 = Debug|ARM64
		{DDBBFFA7-853C-49DB-AB06-43B65B5DD073}.Debug|x64.ActiveCfg = Debug|x64
		{DDBBFFA7-853C-49DB-AB06-43B65B5DD073}.Debug|x64.Build.0 = Debug|x64
		{DDBBFFA7-853C-49DB-AB06-43B65B5DD073}.Debug|x86.ActiveCfg = Debug|Win32
		{DDBBFFA7-853C-49DB-AB06-43B65B5DD073}.Debug|x86.Build.0 = Debug|Win32
		{DDBBFFA7-853C-49DB-AB06-43B65B5DD073}.Release|ARM64.ActiveCfg = Release|ARM64
		{DDBBFFA7-853C-49DB-AB06-43B65B5DD073}.Release|ARM64.Build.0 = Release|ARM64
		{DDBBFFA7-853C-49DB-AB06-43B65B5DD073}.Release|x64.ActiveCfg = Release|x64
		{DDBBFFA7-853C-49DB-AB06-43B65B5DD073}.Release|x64.Build.0 = Release|x64
		{DDBBFFA7-853C-49DB-AB06-43B65B5DD073}.Release|x86.ActiveCfg = Release|Win32
		{DDBBFFA7-853C-49DB-AB06-43B65B5DD073}.Release|x86.Build.0 = Release|Win32
		{31D32BF9-1198-4B41-A2AC-B38EC6F4ED13}.Debug|ARM64.ActiveCfg = Debug|ARM64
		{31D32BF9-1198-4B41-A2AC-B38EC6F4ED13}.Debug|ARM64.Build.0 = Debug|ARM64
		{31D32BF9-1198-4B41-A2AC-B38EC6F4ED13}.Debug|x64.ActiveCfg = Debug|x64
		{31D32BF9-1198-4B41-A2AC-B38EC6F4ED13}.Debug|x64.Build.0 = Debug|x64
		{31D32BF9-1198-4B41-A2AC-B38EC6F4ED13}.Debug|x86.ActiveCfg = Debug|Win32
		{31D32BF9-1198-4B41-A2AC-B38EC6F4ED13}.Debug|x86.Build.0 = Debug|Win32
		{31D32BF9-1198-4B41-A2AC-B38EC6F4ED13}.Release|ARM64.ActiveCfg = Release|ARM64
		{31D32BF9-1198-4B41-A2AC-B38EC6F4ED13}.Release|ARM64.Build.0 = Release|ARM64
		{31D32BF9-1198-4B41-A2AC-B38EC6F4ED13}.Release|x64.ActiveCfg = Release|x64
		{31D32BF9-1198-4B41-A2AC-B38EC6F4ED13}.Release|x64.Build.0 = Release|x64
		{31D32BF9-1198-4B41-A2AC-B38EC6F4ED13}.Release|x86.ActiveCfg = Release|Win32
		{31D32BF9-1198-4B41-A2AC-B38EC6F4ED13}.Release|x86.Build.0 = Release|Win32
	EndGlobalSection
	GlobalSection(SolutionProperties) = preSolution
		HideSolutionNode = FALSE
	EndGlobalSection
	GlobalSection(ExtensibilityGlobals) = postSolution
		SolutionGuid = {1A0360A7-B69C-40DA-9E70-121F594A4C69}
	EndGlobalSection
EndGlobal
